
Microsoft Visual Studio Solution File, Format Version 12.00
# Visual Studio Version 17
VisualStudioVersion = 17.1.32421.90
MinimumVisualStudioVersion = 10.0.40219.1
Project("{FAE04EC0-301F-11D3-BF4B-00C04F79EFBC}") = "LAXApp", "LAXApp\LAXApp.csproj", "{BC7FD13A-DD91-41A1-9AB7-169B9830768D}"
EndProject
Global
	GlobalSection(SolutionConfigurationPlatforms) = preSolution
		Debug|Any CPU = Debug|Any CPU
		Release|Any CPU = Release|Any CPU
	EndGlobalSection
	GlobalSection(ProjectConfigurationPlatforms) = postSolution
		{BC7FD13A-DD91-41A1-9AB7-169B9830768D}.Debug|Any CPU.ActiveCfg = Debug|Any CPU
		{BC7FD13A-DD91-41A1-9AB7-169B9830768D}.Debug|Any CPU.Build.0 = Debug|Any CPU
		{BC7FD13A-DD91-41A1-9AB7-169B9830768D}.Release|Any CPU.ActiveCfg = Release|Any CPU
		{BC7FD13A-DD91-41A1-9AB7-169B9830768D}.Release|Any CPU.Build.0 = Release|Any CPU
	EndGlobalSection
	GlobalSection(SolutionProperties) = preSolution
		HideSolutionNode = FALSE
	EndGlobalSection
	GlobalSection(ExtensibilityGlobals) = postSolution
		SolutionGuid = {A4E880E1-59FA-4773-988B-07F5CBBDE9EA}
	EndGlobalSection
EndGlobal
